
Microsoft Visual Studio Solution File, Format Version 12.00
# Visual Studio Version 16
VisualStudioVersion = 16.0.29609.76
MinimumVisualStudioVersion = 10.0.40219.1
Project("{FAE04EC0-301F-11D3-BF4B-00C04F79EFBC}") = "baba_is_you", "baba_is_you.csproj", "{19668309-CE93-4351-A17D-50EB10DDB38D}"
EndProject
Global
	GlobalSection(SolutionConfigurationPlatforms) = preSolution
		Debug|Any CPU = Debug|Any CPU
		Release|Any CPU = Release|Any CPU
	EndGlobalSection
	GlobalSection(ProjectConfigurationPlatforms) = postSolution
		{19668309-CE93-4351-A17D-50EB10DDB38D}.Debug|Any CPU.ActiveCfg = Debug|Any CPU
		{19668309-CE93-4351-A17D-50EB10DDB38D}.Debug|Any CPU.Build.0 = Debug|Any CPU
		{19668309-CE93-4351-A17D-50EB10DDB38D}.Release|Any CPU.ActiveCfg = Release|Any CPU
		{19668309-CE93-4351-A17D-50EB10DDB38D}.Release|Any CPU.Build.0 = Release|Any CPU
	EndGlobalSection
	GlobalSection(SolutionProperties) = preSolution
		HideSolutionNode = FALSE
	EndGlobalSection
	GlobalSection(ExtensibilityGlobals) = postSolution
		SolutionGuid = {A2409BE9-D57C-4677-ABEF-754AB8B63E9C}
	EndGlobalSection
EndGlobal
